hash: c706c813e52c930c6fbd14bbb904f9c8a2475f1fe6ac3179a8e40bffa50f16b8
updated: 2018-09-08T22:10:45.224967434+07:00
imports:
- name: github.com/gorilla/context
  version: 08b5f424b9271eedf6f9f0ce86cb9396ed337a42
- name: github.com/gorilla/mux
  version: e3702bed27f0d39777b0b37b664b6280e8ef8fbf
- name: github.com/russross/blackfriday
  version: 55d61fa8aa702f59229e6cff85793c22e580eaf5
testImports: []
